
Microsoft Visual Studio Solution File, Format Version 12.00
# Visual Studio Version 17
VisualStudioVersion = 17.3.32929.385
MinimumVisualStudioVersion = 10.0.40219.1
Project("{2150E333-8FDC-42A3-9474-1A3956D46DE8}") = "Itens de Solução", "Itens de Solução", "{75E8A8F9-7DEE-4E80-9924-4D2560AE9103}"
EndProject
Project("{FAE04EC0-301F-11D3-BF4B-00C04F79EFBC}") = "Teste", "Teste\Teste.csproj", "{A500FB8A-F1DE-4C47-8D0C-F5E77F0F6253}"
EndProject
Project("{FAE04EC0-301F-11D3-BF4B-00C04F79EFBC}") = "ConsoleApp1", "ConsoleApp1\ConsoleApp1.csproj", "{B2ED0AC9-9B9F-4BBE-A443-143AE9BF35B8}"
EndProject
Global
	GlobalSection(SolutionConfigurationPlatforms) = preSolution
		Debug|Any CPU = Debug|Any CPU
		Release|Any CPU = Release|Any CPU
	EndGlobalSection
	GlobalSection(ProjectConfigurationPlatforms) = postSolution
		{A500FB8A-F1DE-4C47-8D0C-F5E77F0F6253}.Debug|Any CPU.ActiveCfg = Debug|Any CPU
		{A500FB8A-F1DE-4C47-8D0C-F5E77F0F6253}.Debug|Any CPU.Build.0 = Debug|Any CPU
		{A500FB8A-F1DE-4C47-8D0C-F5E77F0F6253}.Release|Any CPU.ActiveCfg = Release|Any CPU
		{A500FB8A-F1DE-4C47-8D0C-F5E77F0F6253}.Release|Any CPU.Build.0 = Release|Any CPU
		{B2ED0AC9-9B9F-4BBE-A443-143AE9BF35B8}.Debug|Any CPU.ActiveCfg = Debug|Any CPU
		{B2ED0AC9-9B9F-4BBE-A443-143AE9BF35B8}.Debug|Any CPU.Build.0 = Debug|Any CPU
		{B2ED0AC9-9B9F-4BBE-A443-143AE9BF35B8}.Release|Any CPU.ActiveCfg = Release|Any CPU
		{B2ED0AC9-9B9F-4BBE-A443-143AE9BF35B8}.Release|Any CPU.Build.0 = Release|Any CPU
	EndGlobalSection
	GlobalSection(SolutionProperties) = preSolution
		HideSolutionNode = FALSE
	EndGlobalSection
	GlobalSection(ExtensibilityGlobals) = postSolution
		SolutionGuid = {7A4E3A3F-1D10-4347-82EC-8C62F1C1FE02}
	EndGlobalSection
EndGlobal
